{
  "name": "ide-typescript",
  "version": "0.7.9",
  "lockfileVersion": 1,
  "requires": true,
  "dependencies": {
    "@types/atom": {
      "version": "1.31.0",
      "resolved": "https://registry.npmjs.org/@types/atom/-/atom-1.31.0.tgz",
      "integrity": "sha512-U0ShGgn9c1jAHK7Q2yv4koof71qr167ODMmRVhsmshFtwEDy758awCLU1oK9hL+3NSYondaHEbgWo7oC/CtUMw==",
      "requires": {
        "@types/node": "*"
      }
    },
    "@types/node": {
      "version": "8.10.37",
      "resolved": "https://registry.npmjs.org/@types/node/-/node-8.10.37.tgz",
      "integrity": "sha512-Jp39foY8Euv/PG4OGPyzxis82mnjcUtXLEMA8oFMCE4ilmuJgZPdV2nZNV1moz+99EJTtcpOSgDCgATUwABKig=="
    },
    "atom-languageclient": {
      "version": "0.9.7",
      "resolved": "https://registry.npmjs.org/atom-languageclient/-/atom-languageclient-0.9.7.tgz",
      "integrity": "sha512-fpoGSq2hQO5A+2pX6TfcVQnCaP+DcL8Z3maLai6EeGxD1zmFHmBp+QCavr0s941EOw3ZZxrHMY0ab6NQQh9xoA==",
      "requires": {
        "@types/atom": "^1.28.0",
        "@types/node": "^8.0.41",
        "fuzzaldrin-plus": "^0.6.0",
        "vscode-jsonrpc": "3.6.2",
        "vscode-languageserver-protocol": "3.6.0-next.5",
        "vscode-languageserver-types": "3.6.1"
      },
      "dependencies": {
        "vscode-jsonrpc": {
          "version": "3.6.2",
          "resolved": "https://registry.npmjs.org/vscode-jsonrpc/-/vscode-jsonrpc-3.6.2.tgz",
          "integrity": "sha512-T24Jb5V48e4VgYliUXMnZ379ItbrXgOimweKaJshD84z+8q7ZOZjJan0MeDe+Ugb+uqERDVV8SBmemaGMSMugA=="
        },
        "vscode-languageserver-protocol": {
          "version": "3.6.0-next.5",
          "resolved": "http://registry.npmjs.org/vscode-languageserver-protocol/-/vscode-languageserver-protocol-3.6.0-next.5.tgz",
          "integrity": "sha512-pfu6A4VHDnLn+/UryZc0TKRUl63FdIFMTng27kOER1xk2yXDlqVenQX//8s1Veb0xVGATKITiFKIvUIl037mtg==",
          "requires": {
            "vscode-jsonrpc": "^3.6.0-next.1",
            "vscode-languageserver-types": "^3.6.0-next.1"
          }
        },
        "vscode-languageserver-types": {
          "version": "3.6.1",
          "resolved": "http://registry.npmjs.org/vscode-languageserver-types/-/vscode-languageserver-types-3.6.1.tgz",
          "integrity": "sha512-Npi3i8gUWcx5h8z5idNqPKBLJmZothXK2FSG4csEmxAR7avb8W6l9Ny+VW9yCUB3bOdD7iXfah8IO0AS1jwQmQ=="
        }
      }
    },
    "command-exists": {
      "version": "1.2.6",
      "resolved": "https://registry.npmjs.org/command-exists/-/command-exists-1.2.6.tgz",
      "integrity": "sha512-Qst/zUUNmS/z3WziPxyqjrcz09pm+2Knbs5mAZL4VAE0sSrNY1/w8+/YxeHcoBTsO6iojA6BW7eFf27Eg2MRuw=="
    },
    "commander": {
      "version": "2.19.0",
      "resolved": "https://registry.npmjs.org/commander/-/commander-2.19.0.tgz",
      "integrity": "sha512-6tvAOO+D6OENvRAh524Dh9jcfKTYDQAqvqezbCW82xj5X0pSrcpxtvRKHLG0yBY6SD7PSDrJaj+0AiOcKVd1Xg=="
    },
    "crypto-random-string": {
      "version": "1.0.0",
      "resolved": "https://registry.npmjs.org/crypto-random-string/-/crypto-random-string-1.0.0.tgz",
      "integrity": "sha1-ojD2T1aDEOFJgAmUB5DsmVRbyn4="
    },
    "fs-extra": {
      "version": "7.0.1",
      "resolved": "https://registry.npmjs.org/fs-extra/-/fs-extra-7.0.1.tgz",
      "integrity": "sha512-YJDaCJZEnBmcbw13fvdAM9AwNOJwOzrE4pqMqBq5nFiEqXUqHwlK4B+3pUw6JNvfSPtX05xFHtYy/1ni01eGCw==",
      "requires": {
        "graceful-fs": "^4.1.2",
        "jsonfile": "^4.0.0",
        "universalify": "^0.1.0"
      }
    },
    "fuzzaldrin-plus": {
      "version": "0.6.0",
      "resolved": "https://registry.npmjs.org/fuzzaldrin-plus/-/fuzzaldrin-plus-0.6.0.tgz",
      "integrity": "sha1-gy9kifvodnaUWVmckUpnDsIpR+4="
    },
    "graceful-fs": {
      "version": "4.1.15",
      "resolved": "https://registry.npmjs.org/graceful-fs/-/graceful-fs-4.1.15.tgz",
      "integrity": "sha512-6uHUhOPEBgQ24HM+r6b/QwWfZq+yiFcipKFrOFiBEnWdy5sdzYoi+pJeQaPI5qOLRFqWmAXUPQNsielzdLoecA=="
    },
    "jsonfile": {
      "version": "4.0.0",
      "resolved": "https://registry.npmjs.org/jsonfile/-/jsonfile-4.0.0.tgz",
      "integrity": "sha1-h3Gq4HmbZAdrdmQPygWPnBDjPss=",
      "requires": {
        "graceful-fs": "^4.1.6"
      }
    },
    "p-debounce": {
      "version": "1.0.0",
      "resolved": "https://registry.npmjs.org/p-debounce/-/p-debounce-1.0.0.tgz",
      "integrity": "sha1-y38svu/YegnrqGHhErZ1J+Yh4v0="
    },
    "temp-dir": {
      "version": "1.0.0",
      "resolved": "https://registry.npmjs.org/temp-dir/-/temp-dir-1.0.0.tgz",
      "integrity": "sha1-CnwOom06Oa+n4OvqnB/AvE2qAR0="
    },
    "tempy": {
      "version": "0.2.1",
      "resolved": "https://registry.npmjs.org/tempy/-/tempy-0.2.1.tgz",
      "integrity": "sha512-LB83o9bfZGrntdqPuRdanIVCPReam9SOZKW0fOy5I9X3A854GGWi0tjCqoXEk84XIEYBc/x9Hq3EFop/H5wJaw==",
      "requires": {
        "temp-dir": "^1.0.0",
        "unique-string": "^1.0.0"
      }
    },
    "typescript-language-server": {
      "version": "0.3.6",
      "resolved": "https://registry.npmjs.org/typescript-language-server/-/typescript-language-server-0.3.6.tgz",
      "integrity": "sha512-f+AP/EH9TqBEY43y5wYE3KD/2xouUS/GyJqLC9PYVhEjO2AJgmJw/jpCxM+KrJsKrzzYWqJCiJHdFhGY8yNSDg==",
      "requires": {
        "command-exists": "1.2.6",
        "commander": "^2.11.0",
        "fs-extra": "^7.0.0",
        "p-debounce": "^1.0.0",
        "tempy": "^0.2.1",
        "vscode-languageserver": "^4.4.0",
        "vscode-uri": "^1.0.5"
      }
    },
    "unique-string": {
      "version": "1.0.0",
      "resolved": "https://registry.npmjs.org/unique-string/-/unique-string-1.0.0.tgz",
      "integrity": "sha1-nhBXzKhRq7kzmPizOuGHuZyuwRo=",
      "requires": {
        "crypto-random-string": "^1.0.0"
      }
    },
    "universalify": {
      "version": "0.1.2",
      "resolved": "https://registry.npmjs.org/universalify/-/universalify-0.1.2.tgz",
      "integrity": "sha512-rBJeI5CXAlmy1pV+617WB9J63U6XcazHHF2f2dbJix4XzpUF0RS3Zbj0FGIOCAva5P/d/GBOYaACQ1w+0azUkg=="
    },
    "vscode-jsonrpc": {
      "version": "4.0.0",
      "resolved": "https://registry.npmjs.org/vscode-jsonrpc/-/vscode-jsonrpc-4.0.0.tgz",
      "integrity": "sha512-perEnXQdQOJMTDFNv+UF3h1Y0z4iSiaN9jIlb0OqIYgosPCZGYh/MCUlkFtV2668PL69lRDO32hmvL2yiidUYg=="
    },
    "vscode-languageserver": {
      "version": "4.4.2",
      "resolved": "https://registry.npmjs.org/vscode-languageserver/-/vscode-languageserver-4.4.2.tgz",
      "integrity": "sha512-61y8Raevi9EigDgg9NelvT9cUAohiEbUl1LOwQQgOCAaNX62yKny/ddi0uC+FUTm4CzsjhBu+06R+vYgfCYReA==",
      "requires": {
        "vscode-languageserver-protocol": "^3.10.3",
        "vscode-uri": "^1.0.5"
      }
    },
    "vscode-languageserver-protocol": {
      "version": "3.13.0",
      "resolved": "https://registry.npmjs.org/vscode-languageserver-protocol/-/vscode-languageserver-protocol-3.13.0.tgz",
      "integrity": "sha512-2ZGKwI+P2ovQll2PGAp+2UfJH+FK9eait86VBUdkPd9HRlm8e58aYT9pV/NYanHOcp3pL6x2yTLVCFMcTer0mg==",
      "requires": {
        "vscode-jsonrpc": "^4.0.0",
        "vscode-languageserver-types": "3.13.0"
      }
    },
    "vscode-languageserver-types": {
      "version": "3.13.0",
      "resolved": "https://registry.npmjs.org/vscode-languageserver-types/-/vscode-languageserver-types-3.13.0.tgz",
      "integrity": "sha512-BnJIxS+5+8UWiNKCP7W3g9FlE7fErFw0ofP5BXJe7c2tl0VeWh+nNHFbwAS2vmVC4a5kYxHBjRy0UeOtziemVA=="
    },
    "vscode-uri": {
      "version": "1.0.6",
      "resolved": "https://registry.npmjs.org/vscode-uri/-/vscode-uri-1.0.6.tgz",
      "integrity": "sha512-sLI2L0uGov3wKVb9EB+vIQBl9tVP90nqRvxSoJ35vI3NjxE8jfsE5DSOhWgSunHSZmKS4OCi2jrtfxK7uyp2ww=="
    }
  }
}
